
Microsoft Visual Studio Solution File, Format Version 12.00
# Visual Studio Version 17
VisualStudioVersion = 17.1.32319.34
MinimumVisualStudioVersion = 10.0.40219.1
Project("{2150E333-8FDC-42A3-9474-1A3956D46DE8}") = "build", "build", "{E0E9C710-88BB-4F9C-A207-9F40B234C87E}"
	ProjectSection(SolutionItems) = preProject
		build\docker-build.ps1 = build\docker-build.ps1
		build\docker-push.ps1 = build\docker-push.ps1
		build\Dockerfile = build\Dockerfile
	EndProjectSection
EndProject
Project("{9A19103F-16F7-4668-BE54-9A1E7A4F7556}") = "JJSchmitz", "src\server\JJSchmitz\JJSchmitz.csproj", "{0DC3C133-92FE-40AE-B571-50D19716B5E3}"
EndProject
Global
	GlobalSection(SolutionConfigurationPlatforms) = preSolution
		Debug|Any CPU = Debug|Any CPU
		Release|Any CPU = Release|Any CPU
	EndGlobalSection
	GlobalSection(ProjectConfigurationPlatforms) = postSolution
		{0DC3C133-92FE-40AE-B571-50D19716B5E3}.Debug|Any CPU.ActiveCfg = Debug|Any CPU
		{0DC3C133-92FE-40AE-B571-50D19716B5E3}.Debug|Any CPU.Build.0 = Debug|Any CPU
		{0DC3C133-92FE-40AE-B571-50D19716B5E3}.Release|Any CPU.ActiveCfg = Release|Any CPU
		{0DC3C133-92FE-40AE-B571-50D19716B5E3}.Release|Any CPU.Build.0 = Release|Any CPU
	EndGlobalSection
	GlobalSection(SolutionProperties) = preSolution
		HideSolutionNode = FALSE
	EndGlobalSection
	GlobalSection(ExtensibilityGlobals) = postSolution
		SolutionGuid = {21696891-ED83-4213-A1E0-BD4555289253}
	EndGlobalSection
EndGlobal
